{"name":"forme-haus-hydrogen","version":"0.1.0","lockfileVersion":2,"requires":true,"packages":{"node_modules/postcss-selector-parser":{"version":"7.1.1","resolved":"http://registry.example.com/postcss-selector-parser/-/postcss-selector-parser-7.1.1.tgz","integrity":"sha512-O+23ZwIaz9/cMMcyaxiobSRS2ZgNWQoGeen1vCwqFnS4fGiBZDZ1gY7YaF8/uB5XTmC6OdTIuzimaEjlPTG4zrw==","engines":{"node":">=8"}},"node_modules/picomatch":{"version":"2.3.1","resolved":"http://registry.example.com/picomatch/-/picomatch-2.3.1.tgz","integrity":"sha512-2gXv4Cb8TbA10qTtZw8Mn21Ws+iHEK+7I0x/Z2pONuR9peWFEIGc6R8M+6P5b8HX5CvIbNR7c5yLa1i58Nx47Zw==","engines":{"node":">=8"}}},"dependencies":{"postcss-selector-parser":"^7.1.0","picomatch":"^2.0.0"}}